
Microsoft Visual Studio Solution File, Format Version 12.00
# Visual Studio Version 17
VisualStudioVersion = 17.13.35919.96 d17.13
MinimumVisualStudioVersion = 10.0.40219.1
Project("{FAE04EC0-301F-11D3-BF4B-00C04F79EFBC}") = "ExpenseTracker.API", "ExpenseTracker.API\ExpenseTracker.API.csproj", "{598655BE-4746-4B7B-AC69-ADF3CB10F9FF}"
EndProject
Project("{FAE04EC0-301F-11D3-BF4B-00C04F79EFBC}") = "ExpenseTracker.Web", "ExpenseTracker.Web\ExpenseTracker.Web.csproj", "{1DC5D94B-B9C6-4904-A947-6891D2AF8C17}"
EndProject
Global
	GlobalSection(SolutionConfigurationPlatforms) = preSolution
		Debug|Any CPU = Debug|Any CPU
		Release|Any CPU = Release|Any CPU
	EndGlobalSection
	GlobalSection(ProjectConfigurationPlatforms) = postSolution
		{598655BE-4746-4B7B-AC69-ADF3CB10F9FF}.Debug|Any CPU.ActiveCfg = Debug|Any CPU
		{598655BE-4746-4B7B-AC69-ADF3CB10F9FF}.Debug|Any CPU.Build.0 = Debug|Any CPU
		{598655BE-4746-4B7B-AC69-ADF3CB10F9FF}.Release|Any CPU.ActiveCfg = Release|Any CPU
		{598655BE-4746-4B7B-AC69-ADF3CB10F9FF}.Release|Any CPU.Build.0 = Release|Any CPU
		{1DC5D94B-B9C6-4904-A947-6891D2AF8C17}.Debug|Any CPU.ActiveCfg = Debug|Any CPU
		{1DC5D94B-B9C6-4904-A947-6891D2AF8C17}.Debug|Any CPU.Build.0 = Debug|Any CPU
		{1DC5D94B-B9C6-4904-A947-6891D2AF8C17}.Release|Any CPU.ActiveCfg = Release|Any CPU
		{1DC5D94B-B9C6-4904-A947-6891D2AF8C17}.Release|Any CPU.Build.0 = Release|Any CPU
	EndGlobalSection
	GlobalSection(SolutionProperties) = preSolution
		HideSolutionNode = FALSE
	EndGlobalSection
	GlobalSection(ExtensibilityGlobals) = postSolution
		SolutionGuid = {19E8B0E7-2F35-4FCD-B20C-30F43CC71AAA}
	EndGlobalSection
EndGlobal
